<?xml version="1.0" encoding="utf-8"?>
<Project ToolsVersion="4.0" xmlns="http://schemas.microsoft.com/developer/msbuild/2003">
  <ItemGroup>
    <Filter Include="Archivos de origen">
      <UniqueIdentifier>{4FC737F1-C7A5-4376-A066-2A32D752A2FF}</UniqueIdentifier>
      <Extensions>cpp;c;cc;cxx;c++;cppm;ixx;def;odl;idl;hpj;bat;asm;asmx</Extensions>
    </Filter>
    <Filter Include="Archivos de encabezado">
      <UniqueIdentifier>{93995380-89BD-4b04-88EB-625FBE52EBFB}</UniqueIdentifier>
      <Extensions>h;hh;hpp;hxx;h++;hm;inl;inc;ipp;xsd</Extensions>
    </Filter>
    <Filter Include="Archivos de recursos">
      <UniqueIdentifier>{67DA6AB6-F800-4c08-8B7A-83BB121AAD01}</UniqueIdentifier>
      <Extensions>rc;ico;cur;bmp;dlg;rc2;rct;bin;rgs;gif;jpg;jpeg;jpe;resx;tiff;tif;png;wav;mfcribbon-ms</Extensions>
    </Filter>
  </ItemGroup>
  <ItemGroup>
    <ClCompile Include="Inicio_Form.cpp">
      <Filter>Archivos de origen</Filter>
    </ClCompile>
    <ClCompile Include="Libros_Form.cpp">
      <Filter>Archivos de origen</Filter>
    </ClCompile>
    <ClCompile Include="Socios_Form.cpp">
      <Filter>Archivos de origen</Filter>
    </ClCompile>
    <ClCompile Include="Prestamos_Form.cpp">
      <Filter>Archivos de origen</Filter>
    </ClCompile>
    <ClCompile Include="AltaLibro_Form.cpp">
      <Filter>Archivos de origen</Filter>
    </ClCompile>
    <ClCompile Include="BajaLibro_Form.cpp">
      <Filter>Archivos de origen</Filter>
    </ClCompile>
    <ClCompile Include="ModificarLibro_Form.cpp">
      <Filter>Archivos de origen</Filter>
    </ClCompile>
    <ClCompile Include="VerYBuscarLibro_Form.cpp">
      <Filter>Archivos de origen</Filter>
    </ClCompile>
    <ClCompile Include="RegistrarPrestamo_Form.cpp">
      <Filter>Archivos de origen</Filter>
    </ClCompile>
    <ClCompile Include="RegistrarDevolucion_Form.cpp">
      <Filter>Archivos de origen</Filter>
    </ClCompile>
    <ClCompile Include="VerPrestamo_Form.cpp">
      <Filter>Archivos de origen</Filter>
    </ClCompile>
    <ClCompile Include="AltaSocio_Form.cpp">
      <Filter>Archivos de origen</Filter>
    </ClCompile>
    <ClCompile Include="BajaSocio_Form.cpp">
      <Filter>Archivos de origen</Filter>
    </ClCompile>
    <ClCompile Include="ModificarSocio_Form.cpp">
      <Filter>Archivos de origen</Filter>
    </ClCompile>
    <ClCompile Include="VerYBuscarSocios_Form.cpp">
      <Filter>Archivos de origen</Filter>
    </ClCompile>
    <ClCompile Include="libros.cpp">
      <Filter>Archivos de origen</Filter>
    </ClCompile>
    <ClCompile Include="biblioteca.cpp">
      <Filter>Archivos de origen</Filter>
    </ClCompile>
    <ClCompile Include="funciones.cpp">
      <Filter>Archivos de origen</Filter>
    </ClCompile>
    <ClCompile Include="prestamos.cpp">
      <Filter>Archivos de origen</Filter>
    </ClCompile>
    <ClCompile Include="socios.cpp">
      <Filter>Archivos de origen</Filter>
    </ClCompile>
  </ItemGroup>
  <ItemGroup>
    <ClInclude Include="Inicio_Form.h">
      <Filter>Archivos de encabezado</Filter>
    </ClInclude>
    <ClInclude Include="Libros_Form.h">
      <Filter>Archivos de encabezado</Filter>
    </ClInclude>
    <ClInclude Include="Socios_Form.h">
      <Filter>Archivos de encabezado</Filter>
    </ClInclude>
    <ClInclude Include="Prestamos_Form.h">
      <Filter>Archivos de encabezado</Filter>
    </ClInclude>
    <ClInclude Include="AltaLibro_Form.h">
      <Filter>Archivos de encabezado</Filter>
    </ClInclude>
    <ClInclude Include="BajaLibro_Form.h">
      <Filter>Archivos de encabezado</Filter>
    </ClInclude>
    <ClInclude Include="ModificarLibro_Form.h">
      <Filter>Archivos de encabezado</Filter>
    </ClInclude>
    <ClInclude Include="VerYBuscarLibro_Form.h">
      <Filter>Archivos de encabezado</Filter>
    </ClInclude>
    <ClInclude Include="RegistrarPrestamo_Form.h">
      <Filter>Archivos de encabezado</Filter>
    </ClInclude>
    <ClInclude Include="RegistrarDevolucion_Form.h">
      <Filter>Archivos de encabezado</Filter>
    </ClInclude>
    <ClInclude Include="VerPrestamo_Form.h">
      <Filter>Archivos de encabezado</Filter>
    </ClInclude>
    <ClInclude Include="AltaSocio_Form.h">
      <Filter>Archivos de encabezado</Filter>
    </ClInclude>
    <ClInclude Include="BajaSocio_Form.h">
      <Filter>Archivos de encabezado</Filter>
    </ClInclude>
    <ClInclude Include="ModificarSocio_Form.h">
      <Filter>Archivos de encabezado</Filter>
    </ClInclude>
    <ClInclude Include="VerYBuscarSocios_Form.h">
      <Filter>Archivos de encabezado</Filter>
    </ClInclude>
    <ClInclude Include="libros.h">
      <Filter>Archivos de encabezado</Filter>
    </ClInclude>
    <ClInclude Include="biblioteca.h">
      <Filter>Archivos de encabezado</Filter>
    </ClInclude>
    <ClInclude Include="funciones.h">
      <Filter>Archivos de encabezado</Filter>
    </ClInclude>
    <ClInclude Include="prestamos.h">
      <Filter>Archivos de encabezado</Filter>
    </ClInclude>
    <ClInclude Include="socios.h">
      <Filter>Archivos de encabezado</Filter>
    </ClInclude>
  </ItemGroup>
  <ItemGroup>
    <Image Include="Img para GUI\Buscar y ver.png">
      <Filter>Archivos de recursos</Filter>
    </Image>
    <Image Include="Img para GUI\flechaAlta.jpg">
      <Filter>Archivos de recursos</Filter>
    </Image>
    <Image Include="Img para GUI\FlechaBaja.jpg">
      <Filter>Archivos de recursos</Filter>
    </Image>
    <Image Include="Img para GUI\LibroLogo.jpg">
      <Filter>Archivos de recursos</Filter>
    </Image>
    <Image Include="Img para GUI\LogoBiblioteca.png">
      <Filter>Archivos de recursos</Filter>
    </Image>
    <Image Include="Img para GUI\LogoModificar.jpg">
      <Filter>Archivos de recursos</Filter>
    </Image>
    <Image Include="Img para GUI\LogoPrestamos .jpg">
      <Filter>Archivos de recursos</Filter>
    </Image>
    <Image Include="Img para GUI\LogoSalir.jpg">
      <Filter>Archivos de recursos</Filter>
    </Image>
    <Image Include="Img para GUI\LogoSocios.png">
      <Filter>Archivos de recursos</Filter>
    </Image>
    <Image Include="Img para GUI\LogoVolver.jpg">
      <Filter>Archivos de recursos</Filter>
    </Image>
  </ItemGroup>
  <ItemGroup>
    <None Include="lista de libros.csv" />
    <None Include="lista de socios.csv" />
  </ItemGroup>
</Project>